# This file is automatically @generated by Cargo.
# It is not intended for manual editing.
[[package]]
name = "kafka-connect"
version = "0.0.0"

[[package]]
name = "kafka-connect-cassandra"
version = "0.0.0"

[[package]]
name = "kafka-connect-dynamodb"
version = "0.0.0"

[[package]]
name = "kafka-connect-elasticsearch"
version = "0.0.0"

[[package]]
name = "kafka-connect-file"
version = "0.0.0"

[[package]]
name = "kafka-connect-http"
version = "0.0.0"

[[package]]
name = "kafka-connect-mysql"
version = "0.0.0"

[[package]]
name = "kafka-connect-postgres"
version = "0.0.0"

[[package]]
name = "kafka-connect-s3"
version = "0.0.0"

